
Microsoft Visual Studio Solution File, Format Version 12.00
# Visual Studio Version 17
VisualStudioVersion = 17.5.33516.290
MinimumVisualStudioVersion = 10.0.40219.1
Project("{9A19103F-16F7-4668-BE54-9A1E7A4F7556}") = "Aer.QdrantClient.Tests", "tests\Aer.QdrantClient.Tests\Aer.QdrantClient.Tests.csproj", "{591A31AA-AE15-483E-8996-BE5BEAD67544}"
EndProject
Project("{2150E333-8FDC-42A3-9474-1A3956D46DE8}") = "tests", "tests", "{7B9061CC-7501-4F60-876B-3E9044D93318}"
EndProject
Project("{2150E333-8FDC-42A3-9474-1A3956D46DE8}") = "src", "src", "{8DA446BB-72D0-4FB4-B79B-D6B330BF21ED}"
EndProject
Project("{9A19103F-16F7-4668-BE54-9A1E7A4F7556}") = "Aer.QdrantClient.Http", "src\Aer.QdrantClient.Http\Aer.QdrantClient.Http.csproj", "{78196E5A-8615-4EFC-A9BB-47C8AC2A70B9}"
EndProject
Global
	GlobalSection(SolutionConfigurationPlatforms) = preSolution
		Debug|Any CPU = Debug|Any CPU
		Release|Any CPU = Release|Any CPU
	EndGlobalSection
	GlobalSection(ProjectConfigurationPlatforms) = postSolution
		{591A31AA-AE15-483E-8996-BE5BEAD67544}.Debug|Any CPU.ActiveCfg = Debug|Any CPU
		{591A31AA-AE15-483E-8996-BE5BEAD67544}.Debug|Any CPU.Build.0 = Debug|Any CPU
		{591A31AA-AE15-483E-8996-BE5BEAD67544}.Release|Any CPU.ActiveCfg = Release|Any CPU
		{591A31AA-AE15-483E-8996-BE5BEAD67544}.Release|Any CPU.Build.0 = Release|Any CPU
		{78196E5A-8615-4EFC-A9BB-47C8AC2A70B9}.Debug|Any CPU.ActiveCfg = Debug|Any CPU
		{78196E5A-8615-4EFC-A9BB-47C8AC2A70B9}.Debug|Any CPU.Build.0 = Debug|Any CPU
		{78196E5A-8615-4EFC-A9BB-47C8AC2A70B9}.Release|Any CPU.ActiveCfg = Release|Any CPU
		{78196E5A-8615-4EFC-A9BB-47C8AC2A70B9}.Release|Any CPU.Build.0 = Release|Any CPU
	EndGlobalSection
	GlobalSection(SolutionProperties) = preSolution
		HideSolutionNode = FALSE
	EndGlobalSection
	GlobalSection(NestedProjects) = preSolution
		{591A31AA-AE15-483E-8996-BE5BEAD67544} = {7B9061CC-7501-4F60-876B-3E9044D93318}
		{78196E5A-8615-4EFC-A9BB-47C8AC2A70B9} = {8DA446BB-72D0-4FB4-B79B-D6B330BF21ED}
	EndGlobalSection
	GlobalSection(ExtensibilityGlobals) = postSolution
		SolutionGuid = {12D3FE5C-F95F-49E0-B296-3D46C4F23A9A}
	EndGlobalSection
EndGlobal
